// !$*UTF8*$!
{
	archiveVersion = 1;
	classes = {
	};
	objectVersion = 77;
	objects = {

/* Begin PBXBuildFile section */
		506F54A52DE29C3D00162589 /* ScheduleEvent.swift in Sources */ = {isa = PBXBuildFile; fileRef = 506F54A42DE29C3D00162589 /* ScheduleEvent.swift */; };
		506F54A72DE29C6400162589 /* ScheduleManager.swift in Sources */ = {isa = PBXBuildFile; fileRef = 506F54A62DE29C6400162589 /* ScheduleManager.swift */; };
		509C888B2DE28745004AEA54 /* FirebaseAuth in Frameworks */ = {isa = PBXBuildFile; productRef = 509C888A2DE28745004AEA54 /* FirebaseAuth */; };
		509C888D2DE28745004AEA54 /* FirebaseFirestore in Frameworks */ = {isa = PBXBuildFile; productRef = 509C888C2DE28745004AEA54 /* FirebaseFirestore */; };
		509C88992DE2897B004AEA54 /* ContentView.swift in Sources */ = {isa = PBXBuildFile; fileRef = 509C88952DE2897B004AEA54 /* ContentView.swift */; };
		509C889A2DE2897B004AEA54 /* SwiftCalendarApp.swift in Sources */ = {isa = PBXBuildFile; fileRef = 509C88972DE2897B004AEA54 /* SwiftCalendarApp.swift */; };
		509C889B2DE2897B004AEA54 /* Assets.xcassets in Resources */ = {isa = PBXBuildFile; fileRef = 509C88942DE2897B004AEA54 /* Assets.xcassets */; };
		509C889C2DE2897B004AEA54 /* GoogleService-Info.plist in Resources */ = {isa = PBXBuildFile; fileRef = 509C88962DE2897B004AEA54 /* GoogleService-Info.plist */; };
		509C88A22DE28A7C004AEA54 /* User.swift in Sources */ = {isa = PBXBuildFile; fileRef = 509C88A12DE28A7C004AEA54 /* User.swift */; };
		509C88A42DE28AB5004AEA54 /* Event.swift in Sources */ = {isa = PBXBuildFile; fileRef = 509C88A32DE28AB5004AEA54 /* Event.swift */; };
		509C88A62DE28B16004AEA54 /* AuthenticationService.swift in Sources */ = {isa = PBXBuildFile; fileRef = 509C88A52DE28B16004AEA54 /* AuthenticationService.swift */; };
		509C88A82DE28B58004AEA54 /* AuthenticationViewModel.swift in Sources */ = {isa = PBXBuildFile; fileRef = 509C88A72DE28B58004AEA54 /* AuthenticationViewModel.swift */; };
		509C88AA2DE28B93004AEA54 /* AuthenticationView.swift in Sources */ = {isa = PBXBuildFile; fileRef = 509C88A92DE28B93004AEA54 /* AuthenticationView.swift */; };
		509C88AC2DE29077004AEA54 /* CalendarView.swift in Sources */ = {isa = PBXBuildFile; fileRef = 509C88AB2DE29077004AEA54 /* CalendarView.swift */; };
		50D587092DE93A750039751C /* OpenAIService.swift in Sources */ = {isa = PBXBuildFile; fileRef = 50D587082DE93A750039751C /* OpenAIService.swift */; };
		50D5870B2DE93FF70039751C /* ChatView.swift in Sources */ = {isa = PBXBuildFile; fileRef = 50D5870A2DE93FF70039751C /* ChatView.swift */; };
		50D5870D2DE9400B0039751C /* ChatViewModel.swift in Sources */ = {isa = PBXBuildFile; fileRef = 50D5870C2DE9400B0039751C /* ChatViewModel.swift */; };
/* End PBXBuildFile section */

/* Begin PBXContainerItemProxy section */
		509C886D2DE286D3004AEA54 /* PBXContainerItemProxy */ = {
			isa = PBXContainerItemProxy;
			containerPortal = 509C88572DE286D2004AEA54 /* Project object */;
			proxyType = 1;
			remoteGlobalIDString = 509C885E2DE286D2004AEA54;
			remoteInfo = SwiftCalendar;
		};
		509C88772DE286D3004AEA54 /* PBXContainerItemProxy */ = {
			isa = PBXContainerItemProxy;
			containerPortal = 509C88572DE286D2004AEA54 /* Project object */;
			proxyType = 1;
			remoteGlobalIDString = 509C885E2DE286D2004AEA54;
			remoteInfo = SwiftCalendar;
		};
/* End PBXContainerItemProxy section */

/* Begin PBXFileReference section */
		506F54A42DE29C3D00162589 /* ScheduleEvent.swift */ = {isa = PBXFileReference; lastKnownFileType = sourcecode.swift; path = ScheduleEvent.swift; sourceTree = "<group>"; };
		506F54A62DE29C6400162589 /* ScheduleManager.swift */ = {isa = PBXFileReference; lastKnownFileType = sourcecode.swift; path = ScheduleManager.swift; sourceTree = "<group>"; };
		509C88912DE2897B004AEA54 /* SwiftCalendar.app */ = {isa = PBXFileReference; explicitFileType = wrapper.application; includeInIndex = 0; path = SwiftCalendar.app; sourceTree = BUILT_PRODUCTS_DIR; };
		509C88922DE2897B004AEA54 /* SwiftCalendarTests.xctest */ = {isa = PBXFileReference; explicitFileType = wrapper.cfbundle; includeInIndex = 0; path = SwiftCalendarTests.xctest; sourceTree = BUILT_PRODUCTS_DIR; };
		509C88932DE2897B004AEA54 /* SwiftCalendarUITests.xctest */ = {isa = PBXFileReference; explicitFileType = wrapper.cfbundle; includeInIndex = 0; path = SwiftCalendarUITests.xctest; sourceTree = BUILT_PRODUCTS_DIR; };
		509C88942DE2897B004AEA54 /* Assets.xcassets */ = {isa = PBXFileReference; lastKnownFileType = folder.assetcatalog; path = Assets.xcassets; sourceTree = "<group>"; };
		509C88952DE2897B004AEA54 /* ContentView.swift */ = {isa = PBXFileReference; lastKnownFileType = sourcecode.swift; path = ContentView.swift; sourceTree = "<group>"; };
		509C88962DE2897B004AEA54 /* GoogleService-Info.plist */ = {isa = PBXFileReference; lastKnownFileType = text.plist.xml; path = "GoogleService-Info.plist"; sourceTree = "<group>"; };
		509C88972DE2897B004AEA54 /* SwiftCalendarApp.swift */ = {isa = PBXFileReference; lastKnownFileType = sourcecode.swift; path = SwiftCalendarApp.swift; sourceTree = "<group>"; };
		509C88A12DE28A7C004AEA54 /* User.swift */ = {isa = PBXFileReference; lastKnownFileType = sourcecode.swift; path = User.swift; sourceTree = "<group>"; };
		509C88A32DE28AB5004AEA54 /* Event.swift */ = {isa = PBXFileReference; lastKnownFileType = sourcecode.swift; path = Event.swift; sourceTree = "<group>"; };
		509C88A52DE28B16004AEA54 /* AuthenticationService.swift */ = {isa = PBXFileReference; lastKnownFileType = sourcecode.swift; path = AuthenticationService.swift; sourceTree = "<group>"; };
		509C88A72DE28B58004AEA54 /* AuthenticationViewModel.swift */ = {isa = PBXFileReference; lastKnownFileType = sourcecode.swift; path = AuthenticationViewModel.swift; sourceTree = "<group>"; };
		509C88A92DE28B93004AEA54 /* AuthenticationView.swift */ = {isa = PBXFileReference; lastKnownFileType = sourcecode.swift; path = AuthenticationView.swift; sourceTree = "<group>"; };
		509C88AB2DE29077004AEA54 /* CalendarView.swift */ = {isa = PBXFileReference; lastKnownFileType = sourcecode.swift; path = CalendarView.swift; sourceTree = "<group>"; };
		50D587082DE93A750039751C /* OpenAIService.swift */ = {isa = PBXFileReference; lastKnownFileType = sourcecode.swift; path = OpenAIService.swift; sourceTree = "<group>"; };
		50D5870A2DE93FF70039751C /* ChatView.swift */ = {isa = PBXFileReference; lastKnownFileType = sourcecode.swift; path = ChatView.swift; sourceTree = "<group>"; };
		50D5870C2DE9400B0039751C /* ChatViewModel.swift */ = {isa = PBXFileReference; lastKnownFileType = sourcecode.swift; path = ChatViewModel.swift; sourceTree = "<group>"; };
/* End PBXFileReference section */

/* Begin PBXFileSystemSynchronizedRootGroup section */
		509C886F2DE286D3004AEA54 /* SwiftCalendarTests */ = {
			isa = PBXFileSystemSynchronizedRootGroup;
			path = SwiftCalendarTests;
			sourceTree = "<group>";
		};
		509C88792DE286D3004AEA54 /* SwiftCalendarUITests */ = {
			isa = PBXFileSystemSynchronizedRootGroup;
			path = SwiftCalendarUITests;
			sourceTree = "<group>";
		};
/* End PBXFileSystemSynchronizedRootGroup section */

/* Begin PBXFrameworksBuildPhase section */
		509C885C2DE286D2004AEA54 /* Frameworks */ = {
			isa = PBXFrameworksBuildPhase;
			buildActionMask = 2147483647;
			files = (
				509C888B2DE28745004AEA54 /* FirebaseAuth in Frameworks */,
				509C888D2DE28745004AEA54 /* FirebaseFirestore in Frameworks */,
			);
			runOnlyForDeploymentPostprocessing = 0;
		};
		509C88692DE286D3004AEA54 /* Frameworks */ = {
			isa = PBXFrameworksBuildPhase;
			buildActionMask = 2147483647;
			files = (
			);
			runOnlyForDeploymentPostprocessing = 0;
		};
		509C88732DE286D3004AEA54 /* Frameworks */ = {
			isa = PBXFrameworksBuildPhase;
			buildActionMask = 2147483647;
			files = (
			);
			runOnlyForDeploymentPostprocessing = 0;
		};
/* End PBXFrameworksBuildPhase section */

/* Begin PBXGroup section */
		509C88562DE286D2004AEA54 = {
			isa = PBXGroup;
			children = (
				509C886F2DE286D3004AEA54 /* SwiftCalendarTests */,
				509C88792DE286D3004AEA54 /* SwiftCalendarUITests */,
				509C88982DE2897B004AEA54 /* SwiftCalendar */,
				509C88912DE2897B004AEA54 /* SwiftCalendar.app */,
				509C88922DE2897B004AEA54 /* SwiftCalendarTests.xctest */,
				509C88932DE2897B004AEA54 /* SwiftCalendarUITests.xctest */,
			);
			sourceTree = "<group>";
		};
		509C88982DE2897B004AEA54 /* SwiftCalendar */ = {
			isa = PBXGroup;
			children = (
				509C88A02DE28A43004AEA54 /* Services */,
				509C889F2DE28A38004AEA54 /* ViewModels */,
				509C889E2DE28A2E004AEA54 /* Views */,
				509C889D2DE28989004AEA54 /* Models */,
				509C88942DE2897B004AEA54 /* Assets.xcassets */,
				509C88952DE2897B004AEA54 /* ContentView.swift */,
				509C88962DE2897B004AEA54 /* GoogleService-Info.plist */,
				509C88972DE2897B004AEA54 /* SwiftCalendarApp.swift */,
			);
			path = SwiftCalendar;
			sourceTree = "<group>";
		};
		509C889D2DE28989004AEA54 /* Models */ = {
			isa = PBXGroup;
			children = (
				506F54A42DE29C3D00162589 /* ScheduleEvent.swift */,
				509C88A32DE28AB5004AEA54 /* Event.swift */,
				509C88A12DE28A7C004AEA54 /* User.swift */,
			);
			path = Models;
			sourceTree = "<group>";
		};
		509C889E2DE28A2E004AEA54 /* Views */ = {
			isa = PBXGroup;
			children = (
				50D5870A2DE93FF70039751C /* ChatView.swift */,
				509C88AB2DE29077004AEA54 /* CalendarView.swift */,
				509C88A92DE28B93004AEA54 /* AuthenticationView.swift */,
			);
			path = Views;
			sourceTree = "<group>";
		};
		509C889F2DE28A38004AEA54 /* ViewModels */ = {
			isa = PBXGroup;
			children = (
				50D5870C2DE9400B0039751C /* ChatViewModel.swift */,
				506F54A62DE29C6400162589 /* ScheduleManager.swift */,
				509C88A72DE28B58004AEA54 /* AuthenticationViewModel.swift */,
			);
			path = ViewModels;
			sourceTree = "<group>";
		};
		509C88A02DE28A43004AEA54 /* Services */ = {
			isa = PBXGroup;
			children = (
				50D587082DE93A750039751C /* OpenAIService.swift */,
				509C88A52DE28B16004AEA54 /* AuthenticationService.swift */,
			);
			path = Services;
			sourceTree = "<group>";
		};
/* End PBXGroup section */

/* Begin PBXNativeTarget section */
		509C885E2DE286D2004AEA54 /* SwiftCalendar */ = {
			isa = PBXNativeTarget;
			buildConfigurationList = 509C88802DE286D3004AEA54 /* Build configuration list for PBXNativeTarget "SwiftCalendar" */;
			buildPhases = (
				509C885B2DE286D2004AEA54 /* Sources */,
				509C885C2DE286D2004AEA54 /* Frameworks */,
				509C885D2DE286D2004AEA54 /* Resources */,
			);
			buildRules = (
			);
			dependencies = (
			);
			name = SwiftCalendar;
			packageProductDependencies = (
				509C888A2DE28745004AEA54 /* FirebaseAuth */,
				509C888C2DE28745004AEA54 /* FirebaseFirestore */,
			);
			productName = SwiftCalendar;
			productReference = 509C88912DE2897B004AEA54 /* SwiftCalendar.app */;
			productType = "com.apple.product-type.application";
		};
		509C886B2DE286D3004AEA54 /* SwiftCalendarTests */ = {
			isa = PBXNativeTarget;
			buildConfigurationList = 509C88832DE286D3004AEA54 /* Build configuration list for PBXNativeTarget "SwiftCalendarTests" */;
			buildPhases = (
				509C88682DE286D3004AEA54 /* Sources */,
				509C88692DE286D3004AEA54 /* Frameworks */,
				509C886A2DE286D3004AEA54 /* Resources */,
			);
			buildRules = (
			);
			dependencies = (
				509C886E2DE286D3004AEA54 /* PBXTargetDependency */,
			);
			fileSystemSynchronizedGroups = (
				509C886F2DE286D3004AEA54 /* SwiftCalendarTests */,
			);
			name = SwiftCalendarTests;
			packageProductDependencies = (
			);
			productName = SwiftCalendarTests;
			productReference = 509C88922DE2897B004AEA54 /* SwiftCalendarTests.xctest */;
			productType = "com.apple.product-type.bundle.unit-test";
		};
		509C88752DE286D3004AEA54 /* SwiftCalendarUITests */ = {
			isa = PBXNativeTarget;
			buildConfigurationList = 509C88862DE286D3004AEA54 /* Build configuration list for PBXNativeTarget "SwiftCalendarUITests" */;
			buildPhases = (
				509C88722DE286D3004AEA54 /* Sources */,
				509C88732DE286D3004AEA54 /* Frameworks */,
				509C88742DE286D3004AEA54 /* Resources */,
			);
			buildRules = (
			);
			dependencies = (
				509C88782DE286D3004AEA54 /* PBXTargetDependency */,
			);
			fileSystemSynchronizedGroups = (
				509C88792DE286D3004AEA54 /* SwiftCalendarUITests */,
			);
			name = SwiftCalendarUITests;
			packageProductDependencies = (
			);
			productName = SwiftCalendarUITests;
			productReference = 509C88932DE2897B004AEA54 /* SwiftCalendarUITests.xctest */;
			productType = "com.apple.product-type.bundle.ui-testing";
		};
/* End PBXNativeTarget section */

/* Begin PBXProject section */
		509C88572DE286D2004AEA54 /* Project object */ = {
			isa = PBXProject;
			attributes = {
				BuildIndependentTargetsInParallel = 1;
				LastSwiftUpdateCheck = 1630;
				LastUpgradeCheck = 1630;
				TargetAttributes = {
					509C885E2DE286D2004AEA54 = {
						CreatedOnToolsVersion = 16.3;
					};
					509C886B2DE286D3004AEA54 = {
						CreatedOnToolsVersion = 16.3;
						TestTargetID = 509C885E2DE286D2004AEA54;
					};
					509C88752DE286D3004AEA54 = {
						CreatedOnToolsVersion = 16.3;
						TestTargetID = 509C885E2DE286D2004AEA54;
					};
				};
			};
			buildConfigurationList = 509C885A2DE286D2004AEA54 /* Build configuration list for PBXProject "SwiftCalendar" */;
			developmentRegion = en;
			hasScannedForEncodings = 0;
			knownRegions = (
				en,
				Base,
			);
			mainGroup = 509C88562DE286D2004AEA54;
			minimizedProjectReferenceProxies = 1;
			packageReferences = (
				509C88892DE28745004AEA54 /* XCRemoteSwiftPackageReference "firebase-ios-sdk" */,
			);
			preferredProjectObjectVersion = 77;
			productRefGroup = 509C88562DE286D2004AEA54;
			projectDirPath = "";
			projectRoot = "";
			targets = (
				509C885E2DE286D2004AEA54 /* SwiftCalendar */,
				509C886B2DE286D3004AEA54 /* SwiftCalendarTests */,
				509C88752DE286D3004AEA54 /* SwiftCalendarUITests */,
			);
		};
/* End PBXProject section */

/* Begin PBXResourcesBuildPhase section */
		509C885D2DE286D2004AEA54 /* Resources */ = {
			isa = PBXResourcesBuildPhase;
			buildActionMask = 2147483647;
			files = (
				509C889B2DE2897B004AEA54 /* Assets.xcassets in Resources */,
				509C889C2DE2897B004AEA54 /* GoogleService-Info.plist in Resources */,
			);
			runOnlyForDeploymentPostprocessing = 0;
		};
		509C886A2DE286D3004AEA54 /* Resources */ = {
			isa = PBXResourcesBuildPhase;
			buildActionMask = 2147483647;
			files = (
			);
			runOnlyForDeploymentPostprocessing = 0;
		};
		509C88742DE286D3004AEA54 /* Resources */ = {
			isa = PBXResourcesBuildPhase;
			buildActionMask = 2147483647;
			files = (
			);
			runOnlyForDeploymentPostprocessing = 0;
		};
/* End PBXResourcesBuildPhase section */

/* Begin PBXSourcesBuildPhase section */
		509C885B2DE286D2004AEA54 /* Sources */ = {
			isa = PBXSourcesBuildPhase;
			buildActionMask = 2147483647;
			files = (
				509C88A82DE28B58004AEA54 /* AuthenticationViewModel.swift in Sources */,
				509C88992DE2897B004AEA54 /* ContentView.swift in Sources */,
				50D5870D2DE9400B0039751C /* ChatViewModel.swift in Sources */,
				506F54A72DE29C6400162589 /* ScheduleManager.swift in Sources */,
				509C88AC2DE29077004AEA54 /* CalendarView.swift in Sources */,
				50D5870B2DE93FF70039751C /* ChatView.swift in Sources */,
				509C889A2DE2897B004AEA54 /* SwiftCalendarApp.swift in Sources */,
				509C88AA2DE28B93004AEA54 /* AuthenticationView.swift in Sources */,
				50D587092DE93A750039751C /* OpenAIService.swift in Sources */,
				506F54A52DE29C3D00162589 /* ScheduleEvent.swift in Sources */,
				509C88A42DE28AB5004AEA54 /* Event.swift in Sources */,
				509C88A22DE28A7C004AEA54 /* User.swift in Sources */,
				509C88A62DE28B16004AEA54 /* AuthenticationService.swift in Sources */,
			);
			runOnlyForDeploymentPostprocessing = 0;
		};
		509C88682DE286D3004AEA54 /* Sources */ = {
			isa = PBXSourcesBuildPhase;
			buildActionMask = 2147483647;
			files = (
			);
			runOnlyForDeploymentPostprocessing = 0;
		};
		509C88722DE286D3004AEA54 /* Sources */ = {
			isa = PBXSourcesBuildPhase;
			buildActionMask = 2147483647;
			files = (
			);
			runOnlyForDeploymentPostprocessing = 0;
		};
/* End PBXSourcesBuildPhase section */

/* Begin PBXTargetDependency section */
		509C886E2DE286D3004AEA54 /* PBXTargetDependency */ = {
			isa = PBXTargetDependency;
			target = 509C885E2DE286D2004AEA54 /* SwiftCalendar */;
			targetProxy = 509C886D2DE286D3004AEA54 /* PBXContainerItemProxy */;
		};
		509C88782DE286D3004AEA54 /* PBXTargetDependency */ = {
			isa = PBXTargetDependency;
			target = 509C885E2DE286D2004AEA54 /* SwiftCalendar */;
			targetProxy = 509C88772DE286D3004AEA54 /* PBXContainerItemProxy */;
		};
/* End PBXTargetDependency section */

/* Begin XCBuildConfiguration section */
		509C887E2DE286D3004AEA54 /* Debug */ = {
			isa = XCBuildConfiguration;
			buildSettings = {
				ALWAYS_SEARCH_USER_PATHS = NO;
				ASSETCATALOG_COMPILER_GENERATE_SWIFT_ASSET_SYMBOL_EXTENSIONS = YES;
				CLANG_ANALYZER_NONNULL = YES;
				CLANG_ANALYZER_NUMBER_OBJECT_CONVERSION = YES_AGGRESSIVE;
				CLANG_CXX_LANGUAGE_STANDARD = "gnu++20";
				CLANG_ENABLE_MODULES = YES;
				CLANG_ENABLE_OBJC_ARC = YES;
				CLANG_ENABLE_OBJC_WEAK = YES;
				CLANG_WARN_BLOCK_CAPTURE_AUTORELEASING = YES;
				CLANG_WARN_BOOL_CONVERSION = YES;
				CLANG_WARN_COMMA = YES;
				CLANG_WARN_CONSTANT_CONVERSION = YES;
				CLANG_WARN_DEPRECATED_OBJC_IMPLEMENTATIONS = YES;
				CLANG_WARN_DIRECT_OBJC_ISA_USAGE = YES_ERROR;
				CLANG_WARN_DOCUMENTATION_COMMENTS = YES;
				CLANG_WARN_EMPTY_BODY = YES;
				CLANG_WARN_ENUM_CONVERSION = YES;
				CLANG_WARN_INFINITE_RECURSION = YES;
				CLANG_WARN_INT_CONVERSION = YES;
				CLANG_WARN_NON_LITERAL_NULL_CONVERSION = YES;
				CLANG_WARN_OBJC_IMPLICIT_RETAIN_SELF = YES;
				CLANG_WARN_OBJC_LITERAL_CONVERSION = YES;
				CLANG_WARN_OBJC_ROOT_CLASS = YES_ERROR;
				CLANG_WARN_QUOTED_INCLUDE_IN_FRAMEWORK_HEADER = YES;
				CLANG_WARN_RANGE_LOOP_ANALYSIS = YES;
				CLANG_WARN_STRICT_PROTOTYPES = YES;
				CLANG_WARN_SUSPICIOUS_MOVE = YES;
				CLANG_WARN_UNGUARDED_AVAILABILITY = YES_AGGRESSIVE;
				CLANG_WARN_UNREACHABLE_CODE = YES;
				CLANG_WARN__DUPLICATE_METHOD_MATCH = YES;
				COPY_PHASE_STRIP = NO;
				DEBUG_INFORMATION_FORMAT = dwarf;
				ENABLE_STRICT_OBJC_MSGSEND = YES;
				ENABLE_TESTABILITY = YES;
				ENABLE_USER_SCRIPT_SANDBOXING = YES;
				GCC_C_LANGUAGE_STANDARD = gnu17;
				GCC_DYNAMIC_NO_PIC = NO;
				GCC_NO_COMMON_BLOCKS = YES;
				GCC_OPTIMIZATION_LEVEL = 0;
				GCC_PREPROCESSOR_DEFINITIONS = (
					"DEBUG=1",
					"$(inherited)",
				);
				GCC_WARN_64_TO_32_BIT_CONVERSION = YES;
				GCC_WARN_ABOUT_RETURN_TYPE = YES_ERROR;
				GCC_WARN_UNDECLARED_SELECTOR = YES;
				GCC_WARN_UNINITIALIZED_AUTOS = YES_AGGRESSIVE;
				GCC_WARN_UNUSED_FUNCTION = YES;
				GCC_WARN_UNUSED_VARIABLE = YES;
				IPHONEOS_DEPLOYMENT_TARGET = 18.4;
				LOCALIZATION_PREFERS_STRING_CATALOGS = YES;
				MTL_ENABLE_DEBUG_INFO = INCLUDE_SOURCE;
				MTL_FAST_MATH = YES;
				ONLY_ACTIVE_ARCH = YES;
				SDKROOT = iphoneos;
				SWIFT_ACTIVE_COMPILATION_CONDITIONS = "DEBUG $(inherited)";
				SWIFT_OPTIMIZATION_LEVEL = "-Onone";
			};
			name = Debug;
		};
		509C887F2DE286D3004AEA54 /* Release */ = {
			isa = XCBuildConfiguration;
			buildSettings = {
				ALWAYS_SEARCH_USER_PATHS = NO;
				ASSETCATALOG_COMPILER_GENERATE_SWIFT_ASSET_SYMBOL_EXTENSIONS = YES;
				CLANG_ANALYZER_NONNULL = YES;
				CLANG_ANALYZER_NUMBER_OBJECT_CONVERSION = YES_AGGRESSIVE;
				CLANG_CXX_LANGUAGE_STANDARD = "gnu++20";
				CLANG_ENABLE_MODULES = YES;
				CLANG_ENABLE_OBJC_ARC = YES;
				CLANG_ENABLE_OBJC_WEAK = YES;
				CLANG_WARN_BLOCK_CAPTURE_AUTORELEASING = YES;
				CLANG_WARN_BOOL_CONVERSION = YES;
				CLANG_WARN_COMMA = YES;
				CLANG_WARN_CONSTANT_CONVERSION = YES;
				CLANG_WARN_DEPRECATED_OBJC_IMPLEMENTATIONS = YES;
				CLANG_WARN_DIRECT_OBJC_ISA_USAGE = YES_ERROR;
				CLANG_WARN_DOCUMENTATION_COMMENTS = YES;
				CLANG_WARN_EMPTY_BODY = YES;
				CLANG_WARN_ENUM_CONVERSION = YES;
				CLANG_WARN_INFINITE_RECURSION = YES;
				CLANG_WARN_INT_CONVERSION = YES;
				CLANG_WARN_NON_LITERAL_NULL_CONVERSION = YES;
				CLANG_WARN_OBJC_IMPLICIT_RETAIN_SELF = YES;
				CLANG_WARN_OBJC_LITERAL_CONVERSION = YES;
				CLANG_WARN_OBJC_ROOT_CLASS = YES_ERROR;
				CLANG_WARN_QUOTED_INCLUDE_IN_FRAMEWORK_HEADER = YES;
				CLANG_WARN_RANGE_LOOP_ANALYSIS = YES;
				CLANG_WARN_STRICT_PROTOTYPES = YES;
				CLANG_WARN_SUSPICIOUS_MOVE = YES;
				CLANG_WARN_UNGUARDED_AVAILABILITY = YES_AGGRESSIVE;
				CLANG_WARN_UNREACHABLE_CODE = YES;
				CLANG_WARN__DUPLICATE_METHOD_MATCH = YES;
				COPY_PHASE_STRIP = NO;
				DEBUG_INFORMATION_FORMAT = "dwarf-with-dsym";
				ENABLE_NS_ASSERTIONS = NO;
				ENABLE_STRICT_OBJC_MSGSEND = YES;
				ENABLE_USER_SCRIPT_SANDBOXING = YES;
				GCC_C_LANGUAGE_STANDARD = gnu17;
				GCC_NO_COMMON_BLOCKS = YES;
				GCC_WARN_64_TO_32_BIT_CONVERSION = YES;
				GCC_WARN_ABOUT_RETURN_TYPE = YES_ERROR;
				GCC_WARN_UNDECLARED_SELECTOR = YES;
				GCC_WARN_UNINITIALIZED_AUTOS = YES_AGGRESSIVE;
				GCC_WARN_UNUSED_FUNCTION = YES;
				GCC_WARN_UNUSED_VARIABLE = YES;
				IPHONEOS_DEPLOYMENT_TARGET = 18.4;
				LOCALIZATION_PREFERS_STRING_CATALOGS = YES;
				MTL_ENABLE_DEBUG_INFO = NO;
				MTL_FAST_MATH = YES;
				SDKROOT = iphoneos;
				SWIFT_COMPILATION_MODE = wholemodule;
				VALIDATE_PRODUCT = YES;
			};
			name = Release;
		};
		509C88812DE286D3004AEA54 /* Debug */ = {
			isa = XCBuildConfiguration;
			buildSettings = {
				ASSETCATALOG_COMPILER_APPICON_NAME = AppIcon;
				ASSETCATALOG_COMPILER_GLOBAL_ACCENT_COLOR_NAME = AccentColor;
				CODE_SIGN_STYLE = Automatic;
				CURRENT_PROJECT_VERSION = 1;
				ENABLE_PREVIEWS = YES;
				GENERATE_INFOPLIST_FILE = YES;
				INFOPLIST_KEY_UIApplicationSceneManifest_Generation = YES;
				INFOPLIST_KEY_UIApplicationSupportsIndirectInputEvents = YES;
				INFOPLIST_KEY_UILaunchScreen_Generation = YES;
				INFOPLIST_KEY_UISupportedInterfaceOrientations_iPad = "UIInterfaceOrientationPortrait UIInterfaceOrientationPortraitUpsideDown UIInterfaceOrientationLandscapeLeft UIInterfaceOrientationLandscapeRight";
				INFOPLIST_KEY_UISupportedInterfaceOrientations_iPhone = "UIInterfaceOrientationPortrait UIInterfaceOrientationLandscapeLeft UIInterfaceOrientationLandscapeRight";
				LD_RUNPATH_SEARCH_PATHS = (
					"$(inherited)",
					"@executable_path/Frameworks",
				);
				MARKETING_VERSION = 1.0;
				PRODUCT_BUNDLE_IDENTIFIER = torii.SwiftCalendar;
				PRODUCT_NAME = "$(TARGET_NAME)";
				SWIFT_EMIT_LOC_STRINGS = YES;
				SWIFT_VERSION = 5.0;
				TARGETED_DEVICE_FAMILY = "1,2";
			};
			name = Debug;
		};
		509C88822DE286D3004AEA54 /* Release */ = {
			isa = XCBuildConfiguration;
			buildSettings = {
				ASSETCATALOG_COMPILER_APPICON_NAME = AppIcon;
				ASSETCATALOG_COMPILER_GLOBAL_ACCENT_COLOR_NAME = AccentColor;
				CODE_SIGN_STYLE = Automatic;
				CURRENT_PROJECT_VERSION = 1;
				ENABLE_PREVIEWS = YES;
				GENERATE_INFOPLIST_FILE = YES;
				INFOPLIST_KEY_UIApplicationSceneManifest_Generation = YES;
				INFOPLIST_KEY_UIApplicationSupportsIndirectInputEvents = YES;
				INFOPLIST_KEY_UILaunchScreen_Generation = YES;
				INFOPLIST_KEY_UISupportedInterfaceOrientations_iPad = "UIInterfaceOrientationPortrait UIInterfaceOrientationPortraitUpsideDown UIInterfaceOrientationLandscapeLeft UIInterfaceOrientationLandscapeRight";
				INFOPLIST_KEY_UISupportedInterfaceOrientations_iPhone = "UIInterfaceOrientationPortrait UIInterfaceOrientationLandscapeLeft UIInterfaceOrientationLandscapeRight";
				LD_RUNPATH_SEARCH_PATHS = (
					"$(inherited)",
					"@executable_path/Frameworks",
				);
				MARKETING_VERSION = 1.0;
				PRODUCT_BUNDLE_IDENTIFIER = torii.SwiftCalendar;
				PRODUCT_NAME = "$(TARGET_NAME)";
				SWIFT_EMIT_LOC_STRINGS = YES;
				SWIFT_VERSION = 5.0;
				TARGETED_DEVICE_FAMILY = "1,2";
			};
			name = Release;
		};
		509C88842DE286D3004AEA54 /* Debug */ = {
			isa = XCBuildConfiguration;
			buildSettings = {
				BUNDLE_LOADER = "$(TEST_HOST)";
				CODE_SIGN_STYLE = Automatic;
				CURRENT_PROJECT_VERSION = 1;
				GENERATE_INFOPLIST_FILE = YES;
				IPHONEOS_DEPLOYMENT_TARGET = 18.4;
				MARKETING_VERSION = 1.0;
				PRODUCT_BUNDLE_IDENTIFIER = torii.SwiftCalendarTests;
				PRODUCT_NAME = "$(TARGET_NAME)";
				SWIFT_EMIT_LOC_STRINGS = NO;
				SWIFT_VERSION = 5.0;
				TARGETED_DEVICE_FAMILY = "1,2";
				TEST_HOST = "$(BUILT_PRODUCTS_DIR)/SwiftCalendar.app/$(BUNDLE_EXECUTABLE_FOLDER_PATH)/SwiftCalendar";
			};
			name = Debug;
		};
		509C88852DE286D3004AEA54 /* Release */ = {
			isa = XCBuildConfiguration;
			buildSettings = {
				BUNDLE_LOADER = "$(TEST_HOST)";
				CODE_SIGN_STYLE = Automatic;
				CURRENT_PROJECT_VERSION = 1;
				GENERATE_INFOPLIST_FILE = YES;
				IPHONEOS_DEPLOYMENT_TARGET = 18.4;
				MARKETING_VERSION = 1.0;
				PRODUCT_BUNDLE_IDENTIFIER = torii.SwiftCalendarTests;
				PRODUCT_NAME = "$(TARGET_NAME)";
				SWIFT_EMIT_LOC_STRINGS = NO;
				SWIFT_VERSION = 5.0;
				TARGETED_DEVICE_FAMILY = "1,2";
				TEST_HOST = "$(BUILT_PRODUCTS_DIR)/SwiftCalendar.app/$(BUNDLE_EXECUTABLE_FOLDER_PATH)/SwiftCalendar";
			};
			name = Release;
		};
		509C88872DE286D3004AEA54 /* Debug */ = {
			isa = XCBuildConfiguration;
			buildSettings = {
				CODE_SIGN_STYLE = Automatic;
				CURRENT_PROJECT_VERSION = 1;
				GENERATE_INFOPLIST_FILE = YES;
				MARKETING_VERSION = 1.0;
				PRODUCT_BUNDLE_IDENTIFIER = torii.SwiftCalendarUITests;
				PRODUCT_NAME = "$(TARGET_NAME)";
				SWIFT_EMIT_LOC_STRINGS = NO;
				SWIFT_VERSION = 5.0;
				TARGETED_DEVICE_FAMILY = "1,2";
				TEST_TARGET_NAME = SwiftCalendar;
			};
			name = Debug;
		};
		509C88882DE286D3004AEA54 /* Release */ = {
			isa = XCBuildConfiguration;
			buildSettings = {
				CODE_SIGN_STYLE = Automatic;
				CURRENT_PROJECT_VERSION = 1;
				GENERATE_INFOPLIST_FILE = YES;
				MARKETING_VERSION = 1.0;
				PRODUCT_BUNDLE_IDENTIFIER = torii.SwiftCalendarUITests;
				PRODUCT_NAME = "$(TARGET_NAME)";
				SWIFT_EMIT_LOC_STRINGS = NO;
				SWIFT_VERSION = 5.0;
				TARGETED_DEVICE_FAMILY = "1,2";
				TEST_TARGET_NAME = SwiftCalendar;
			};
			name = Release;
		};
/* End XCBuildConfiguration section */

/* Begin XCConfigurationList section */
		509C885A2DE286D2004AEA54 /* Build configuration list for PBXProject "SwiftCalendar" */ = {
			isa = XCConfigurationList;
			buildConfigurations = (
				509C887E2DE286D3004AEA54 /* Debug */,
				509C887F2DE286D3004AEA54 /* Release */,
			);
			defaultConfigurationIsVisible = 0;
			defaultConfigurationName = Release;
		};
		509C88802DE286D3004AEA54 /* Build configuration list for PBXNativeTarget "SwiftCalendar" */ = {
			isa = XCConfigurationList;
			buildConfigurations = (
				509C88812DE286D3004AEA54 /* Debug */,
				509C88822DE286D3004AEA54 /* Release */,
			);
			defaultConfigurationIsVisible = 0;
			defaultConfigurationName = Release;
		};
		509C88832DE286D3004AEA54 /* Build configuration list for PBXNativeTarget "SwiftCalendarTests" */ = {
			isa = XCConfigurationList;
			buildConfigurations = (
				509C88842DE286D3004AEA54 /* Debug */,
				509C88852DE286D3004AEA54 /* Release */,
			);
			defaultConfigurationIsVisible = 0;
			defaultConfigurationName = Release;
		};
		509C88862DE286D3004AEA54 /* Build configuration list for PBXNativeTarget "SwiftCalendarUITests" */ = {
			isa = XCConfigurationList;
			buildConfigurations = (
				509C88872DE286D3004AEA54 /* Debug */,
				509C88882DE286D3004AEA54 /* Release */,
			);
			defaultConfigurationIsVisible = 0;
			defaultConfigurationName = Release;
		};
/* End XCConfigurationList section */

/* Begin XCRemoteSwiftPackageReference section */
		509C88892DE28745004AEA54 /* XCRemoteSwiftPackageReference "firebase-ios-sdk" */ = {
			isa = XCRemoteSwiftPackageReference;
			repositoryURL = "https://github.com/firebase/firebase-ios-sdk";
			requirement = {
				kind = upToNextMajorVersion;
				minimumVersion = 11.13.0;
			};
		};
/* End XCRemoteSwiftPackageReference section */

/* Begin XCSwiftPackageProductDependency section */
		509C888A2DE28745004AEA54 /* FirebaseAuth */ = {
			isa = XCSwiftPackageProductDependency;
			package = 509C88892DE28745004AEA54 /* XCRemoteSwiftPackageReference "firebase-ios-sdk" */;
			productName = FirebaseAuth;
		};
		509C888C2DE28745004AEA54 /* FirebaseFirestore */ = {
			isa = XCSwiftPackageProductDependency;
			package = 509C88892DE28745004AEA54 /* XCRemoteSwiftPackageReference "firebase-ios-sdk" */;
			productName = FirebaseFirestore;
		};
/* End XCSwiftPackageProductDependency section */
	};
	rootObject = 509C88572DE286D2004AEA54 /* Project object */;
}
